
Microsoft Visual Studio Solution File, Format Version 12.00
# Visual Studio Version 17
VisualStudioVersion = 17.1.32210.238
MinimumVisualStudioVersion = 10.0.40219.1
Project("{FAE04EC0-301F-11D3-BF4B-00C04F79EFBC}") = "day35AddressBookLinq", "day35AddressBookLinq\day35AddressBookLinq.csproj", "{CCFAA302-1625-46B7-84B6-79910D7B8EBD}"
EndProject
Global
	GlobalSection(SolutionConfigurationPlatforms) = preSolution
		Debug|Any CPU = Debug|Any CPU
		Release|Any CPU = Release|Any CPU
	EndGlobalSection
	GlobalSection(ProjectConfigurationPlatforms) = postSolution
		{CCFAA302-1625-46B7-84B6-79910D7B8EBD}.Debug|Any CPU.ActiveCfg = Debug|Any CPU
		{CCFAA302-1625-46B7-84B6-79910D7B8EBD}.Debug|Any CPU.Build.0 = Debug|Any CPU
		{CCFAA302-1625-46B7-84B6-79910D7B8EBD}.Release|Any CPU.ActiveCfg = Release|Any CPU
		{CCFAA302-1625-46B7-84B6-79910D7B8EBD}.Release|Any CPU.Build.0 = Release|Any CPU
	EndGlobalSection
	GlobalSection(SolutionProperties) = preSolution
		HideSolutionNode = FALSE
	EndGlobalSection
	GlobalSection(ExtensibilityGlobals) = postSolution
		SolutionGuid = {28255B39-AA49-495C-A61B-DC4E7B292978}
	EndGlobalSection
EndGlobal
